
Microsoft Visual Studio Solution File, Format Version 12.00
# Visual Studio Version 16
VisualStudioVersion = 16.0.30523.141
MinimumVisualStudioVersion = 10.0.40219.1
Project("{FAE04EC0-301F-11D3-BF4B-00C04F79EFBC}") = "BusslinjenWPF", "BusslinjenWPF.csproj", "{A44E7714-1D5D-4ADB-A0C8-8351E52AFB55}"
EndProject
Global
	GlobalSection(SolutionConfigurationPlatforms) = preSolution
		Debug|Any CPU = Debug|Any CPU
		Release|Any CPU = Release|Any CPU
	EndGlobalSection
	GlobalSection(ProjectConfigurationPlatforms) = postSolution
		{A44E7714-1D5D-4ADB-A0C8-8351E52AFB55}.Debug|Any CPU.ActiveCfg = Debug|Any CPU
		{A44E7714-1D5D-4ADB-A0C8-8351E52AFB55}.Debug|Any CPU.Build.0 = Debug|Any CPU
		{A44E7714-1D5D-4ADB-A0C8-8351E52AFB55}.Release|Any CPU.ActiveCfg = Release|Any CPU
		{A44E7714-1D5D-4ADB-A0C8-8351E52AFB55}.Release|Any CPU.Build.0 = Release|Any CPU
	EndGlobalSection
	GlobalSection(SolutionProperties) = preSolution
		HideSolutionNode = FALSE
	EndGlobalSection
	GlobalSection(ExtensibilityGlobals) = postSolution
		SolutionGuid = {1EBF80B6-28DB-4C43-80D3-F897A4BFB986}
	EndGlobalSection
EndGlobal
