
Microsoft Visual Studio Solution File, Format Version 12.00
# Visual Studio Version 16
VisualStudioVersion = 16.0.30523.141
MinimumVisualStudioVersion = 10.0.40219.1
Project("{9A19103F-16F7-4668-BE54-9A1E7A4F7556}") = "HelloWpf", "HelloWpf\HelloWpf.csproj", "{D24D5D91-F77F-4DDC-BF6F-C7D6E85903BD}"
EndProject
Project("{9A19103F-16F7-4668-BE54-9A1E7A4F7556}") = "CalculatorWPF", "CalculatorWPF\CalculatorWPF.csproj", "{DAA7366A-A322-4B6F-97ED-4B0D0275C148}"
EndProject
Project("{9A19103F-16F7-4668-BE54-9A1E7A4F7556}") = "DemoWPF", "DemoWPF\DemoWPF.csproj", "{A49AF630-DB4D-45AD-AF03-DCA205E33B3E}"
EndProject
Project("{9A19103F-16F7-4668-BE54-9A1E7A4F7556}") = "Övning14_1", "Övning14_1\Övning14_1.csproj", "{CDF731A9-B446-439E-B5D4-18B81923131C}"
EndProject
Project("{9A19103F-16F7-4668-BE54-9A1E7A4F7556}") = "Övning14_2_Diagram", "Övning14_2_Diagram\Övning14_2_Diagram.csproj", "{4D0F14E8-55C0-40C2-AB9F-B8C03659428E}"
EndProject
Project("{FAE04EC0-301F-11D3-BF4B-00C04F79EFBC}") = "Övning14_4_Buss", "Övning13_4_Buss\Övning14_4_Buss.csproj", "{069F8594-BE90-4A7B-AE60-2B8F94E8D56C}"
EndProject
Project("{FAE04EC0-301F-11D3-BF4B-00C04F79EFBC}") = "Övning14_4_Buss1", "Övning14_4_Buss1\Övning14_4_Buss1.csproj", "{0F03E166-E6B8-40B1-88F6-D7AFE989B54A}"
EndProject
Global
	GlobalSection(SolutionConfigurationPlatforms) = preSolution
		Debug|Any CPU = Debug|Any CPU
		Release|Any CPU = Release|Any CPU
	EndGlobalSection
	GlobalSection(ProjectConfigurationPlatforms) = postSolution
		{D24D5D91-F77F-4DDC-BF6F-C7D6E85903BD}.Debug|Any CPU.ActiveCfg = Debug|Any CPU
		{D24D5D91-F77F-4DDC-BF6F-C7D6E85903BD}.Debug|Any CPU.Build.0 = Debug|Any CPU
		{D24D5D91-F77F-4DDC-BF6F-C7D6E85903BD}.Release|Any CPU.ActiveCfg = Release|Any CPU
		{D24D5D91-F77F-4DDC-BF6F-C7D6E85903BD}.Release|Any CPU.Build.0 = Release|Any CPU
		{DAA7366A-A322-4B6F-97ED-4B0D0275C148}.Debug|Any CPU.ActiveCfg = Debug|Any CPU
		{DAA7366A-A322-4B6F-97ED-4B0D0275C148}.Debug|Any CPU.Build.0 = Debug|Any CPU
		{DAA7366A-A322-4B6F-97ED-4B0D0275C148}.Release|Any CPU.ActiveCfg = Release|Any CPU
		{DAA7366A-A322-4B6F-97ED-4B0D0275C148}.Release|Any CPU.Build.0 = Release|Any CPU
		{A49AF630-DB4D-45AD-AF03-DCA205E33B3E}.Debug|Any CPU.ActiveCfg = Debug|Any CPU
		{A49AF630-DB4D-45AD-AF03-DCA205E33B3E}.Debug|Any CPU.Build.0 = Debug|Any CPU
		{A49AF630-DB4D-45AD-AF03-DCA205E33B3E}.Release|Any CPU.ActiveCfg = Release|Any CPU
		{A49AF630-DB4D-45AD-AF03-DCA205E33B3E}.Release|Any CPU.Build.0 = Release|Any CPU
		{CDF731A9-B446-439E-B5D4-18B81923131C}.Debug|Any CPU.ActiveCfg = Debug|Any CPU
		{CDF731A9-B446-439E-B5D4-18B81923131C}.Debug|Any CPU.Build.0 = Debug|Any CPU
		{CDF731A9-B446-439E-B5D4-18B81923131C}.Release|Any CPU.ActiveCfg = Release|Any CPU
		{CDF731A9-B446-439E-B5D4-18B81923131C}.Release|Any CPU.Build.0 = Release|Any CPU
		{4D0F14E8-55C0-40C2-AB9F-B8C03659428E}.Debug|Any CPU.ActiveCfg = Debug|Any CPU
		{4D0F14E8-55C0-40C2-AB9F-B8C03659428E}.Debug|Any CPU.Build.0 = Debug|Any CPU
		{4D0F14E8-55C0-40C2-AB9F-B8C03659428E}.Release|Any CPU.ActiveCfg = Release|Any CPU
		{4D0F14E8-55C0-40C2-AB9F-B8C03659428E}.Release|Any CPU.Build.0 = Release|Any CPU
		{069F8594-BE90-4A7B-AE60-2B8F94E8D56C}.Debug|Any CPU.ActiveCfg = Debug|Any CPU
		{069F8594-BE90-4A7B-AE60-2B8F94E8D56C}.Debug|Any CPU.Build.0 = Debug|Any CPU
		{069F8594-BE90-4A7B-AE60-2B8F94E8D56C}.Release|Any CPU.ActiveCfg = Release|Any CPU
		{069F8594-BE90-4A7B-AE60-2B8F94E8D56C}.Release|Any CPU.Build.0 = Release|Any CPU
		{0F03E166-E6B8-40B1-88F6-D7AFE989B54A}.Debug|Any CPU.ActiveCfg = Debug|Any CPU
		{0F03E166-E6B8-40B1-88F6-D7AFE989B54A}.Debug|Any CPU.Build.0 = Debug|Any CPU
		{0F03E166-E6B8-40B1-88F6-D7AFE989B54A}.Release|Any CPU.ActiveCfg = Release|Any CPU
		{0F03E166-E6B8-40B1-88F6-D7AFE989B54A}.Release|Any CPU.Build.0 = Release|Any CPU
	EndGlobalSection
	GlobalSection(SolutionProperties) = preSolution
		HideSolutionNode = FALSE
	EndGlobalSection
	GlobalSection(ExtensibilityGlobals) = postSolution
		SolutionGuid = {7DBF4330-7131-49F8-A792-317525A23CB9}
	EndGlobalSection
EndGlobal
